lockfileVersion: 5.3

specifiers:
  chalk: ^4.1.1
  docopt: ^0.6.2
  glob: ^7.1.6
  jsdoc: ^3.6.6
  minimist: ^1.2.5
  protobufjs: ^6.11.2
  semver: ^7.3.5
  uglify-js: ^3.13.5

dependencies:
  protobufjs: 6.11.2

devDependencies:
  chalk: 4.1.1
  docopt: 0.6.2
  glob: 7.1.7
  jsdoc: 3.6.6
  minimist: 1.2.5
  semver: 7.3.5
  uglify-js: 3.13.5

packages:

  /@babel/parser/7.14.1:
    resolution: {integrity: sha512-muUGEKu8E/ftMTPlNp+mc6zL3E9zKWmF5sDHZ5MSsoTP9Wyz64AhEf9kD08xYJ7w6Hdcu8H550ircnPyWSIF0Q==}
    engines: {node: '>=6.0.0'}
    hasBin: true
    dev: true

  /@protobufjs/aspromise/1.1.2:
    resolution: {integrity: sha1-m4sMxmPWaafY9vXQiToU00jzD78=}
    dev: false

  /@protobufjs/base64/1.1.2:
    resolution: {integrity: sha512-AZkcAA5vnN/v4PDqKyMR5lx7hZttPDgClv83E//FMNhR2TMcLUhfRUBHCmSl0oi9zMgDDqRUJkSxO3wm85+XLg==}
    dev: false

  /@protobufjs/codegen/2.0.4:
    resolution: {integrity: sha512-YyFaikqM5sH0ziFZCN3xDC7zeGaB/d0IUb9CATugHWbd1FRFwWwt4ld4OYMPWu5a3Xe01mGAULCdqhMlPl29Jg==}
    dev: false

  /@protobufjs/eventemitter/1.1.0:
    resolution: {integrity: sha1-NVy8mLr61ZePntCV85diHx0Ga3A=}
    dev: false

  /@protobufjs/fetch/1.1.0:
    resolution: {integrity: sha1-upn7WYYUr2VwDBYZ/wbUVLDYTEU=}
    dependencies:
      '@protobufjs/aspromise': 1.1.2
      '@protobufjs/inquire': 1.1.0
    dev: false

  /@protobufjs/float/1.0.2:
    resolution: {integrity: sha1-Xp4avctz/Ap8uLKR33jIy9l7h9E=}
    dev: false

  /@protobufjs/inquire/1.1.0:
    resolution: {integrity: sha1-/yAOPnzyQp4tyvwRQIKOjMY48Ik=}
    dev: false

  /@protobufjs/path/1.1.2:
    resolution: {integrity: sha1-bMKyDFya1q0NzP0hynZz2Nf79o0=}
    dev: false

  /@protobufjs/pool/1.1.0:
    resolution: {integrity: sha1-Cf0V8tbTq/qbZbw2ZQbWrXhG/1Q=}
    dev: false

  /@protobufjs/utf8/1.1.0:
    resolution: {integrity: sha1-p3c2C1s5oaLlEG+OhY8v0tBgxXA=}
    dev: false

  /@types/long/4.0.1:
    resolution: {integrity: sha512-5tXH6Bx/kNGd3MgffdmP4dy2Z+G4eaXw0SE81Tq3BNadtnMR5/ySMzX4SLEzHJzSmPNn4HIdpQsBvXMUykr58w==}
    dev: false

  /@types/node/15.0.2:
    resolution: {integrity: sha512-p68+a+KoxpoB47015IeYZYRrdqMUcpbK8re/zpFB8Ld46LHC1lPEbp3EXgkEhAYEcPvjJF6ZO+869SQ0aH1dcA==}
    dev: false

  /ansi-styles/4.3.0:
    resolution: {integrity: sha512-zbB9rCJAT1rbjiVDb2hqKFHNYLxgtk8NURxZ3IZwD3F6NtxbXZQCnnSi1Lkx+IDohdPlFp222wVALIheZJQSEg==}
    engines: {node: '>=8'}
    dependencies:
      color-convert: 2.0.1
    dev: true

  /argparse/1.0.10:
    resolution: {integrity: sha512-o5Roy6tNG4SL/FOkCAN6RzjiakZS25RLYFrcMttJqbdd8BWrnA+fGz57iN5Pb06pvBGvl5gQ0B48dJlslXvoTg==}
    dependencies:
      sprintf-js: 1.0.3
    dev: true

  /balanced-match/1.0.2:
    resolution: {integrity: sha512-3oSeUO0TMV67hN1AmbXsK4yaqU7tjiHlbxRDZOpH0KW9+CeX4bRAaX0Anxt0tx2MrpRpWwQaPwIlISEJhYU5Pw==}
    dev: true

  /bluebird/3.7.2:
    resolution: {integrity: sha512-XpNj6GDQzdfW+r2Wnn7xiSAd7TM3jzkxGXBGTtWKuSXv1xUV+azxAm8jdWZN06QTQk+2N2XB9jRDkvbmQmcRtg==}
    dev: true

  /brace-expansion/1.1.11:
    resolution: {integrity: sha512-iCuPHDFgrHX7H2vEI/5xpz07zSHB00TpugqhmYtVmMO6518mCuRMoOYFldEBl0g187ufozdaHgWKcYFb61qGiA==}
    dependencies:
      balanced-match: 1.0.2
      concat-map: 0.0.1
    dev: true

  /catharsis/0.8.11:
    resolution: {integrity: sha512-a+xUyMV7hD1BrDQA/3iPV7oc+6W26BgVJO05PGEoatMyIuPScQKsde6i3YorWX1qs+AZjnJ18NqdKoCtKiNh1g==}
    engines: {node: '>= 8'}
    dependencies:
      lodash: 4.17.21
    dev: true

  /chalk/4.1.1:
    resolution: {integrity: sha512-diHzdDKxcU+bAsUboHLPEDQiw0qEe0qd7SYUn3HgcFlWgbDcfLGswOHYeGrHKzG9z6UYf01d9VFMfZxPM1xZSg==}
    engines: {node: '>=10'}
    dependencies:
      ansi-styles: 4.3.0
      supports-color: 7.2.0
    dev: true

  /color-convert/2.0.1:
    resolution: {integrity: sha512-RRECPsj7iu/xb5oKYcsFHSppFNnsj/52OVTRKb4zP5onXwVF3zVmmToNcOfGC+CRDpfK/U584fMg38ZHCaElKQ==}
    engines: {node: '>=7.0.0'}
    dependencies:
      color-name: 1.1.4
    dev: true

  /color-name/1.1.4:
    resolution: {integrity: sha512-dOy+3AuW3a2wNbZHIuMZpTcgjGuLU/uBL/ubcZF9OXbDo8ff4O8yVp5Bf0efS8uEoYo5q4Fx7dY9OgQGXgAsQA==}
    dev: true

  /concat-map/0.0.1:
    resolution: {integrity: sha1-2Klr13/Wjfd5OnMDajug1UBdR3s=}
    dev: true

  /docopt/0.6.2:
    resolution: {integrity: sha1-so6eIiDaXsSffqW7JKR3h0Be6xE=}
    engines: {node: '>=0.10.0'}
    dev: true

  /entities/2.0.3:
    resolution: {integrity: sha512-MyoZ0jgnLvB2X3Lg5HqpFmn1kybDiIfEQmKzTb5apr51Rb+T3KdmMiqa70T+bhGnyv7bQ6WMj2QMHpGMmlrUYQ==}
    dev: true

  /escape-string-regexp/2.0.0:
    resolution: {integrity: sha512-UpzcLCXolUWcNu5HtVMHYdXJjArjsF9C0aNnquZYY4uW/Vu0miy5YoWvbV345HauVvcAUnpRuhMMcqTcGOY2+w==}
    engines: {node: '>=8'}
    dev: true

  /fs.realpath/1.0.0:
    resolution: {integrity: sha1-FQStJSMVjKpA20onh8sBQRmU6k8=}
    dev: true

  /glob/7.1.7:
    resolution: {integrity: sha512-OvD9ENzPLbegENnYP5UUfJIirTg4+XwMWGaQfQTY0JenxNvvIKP3U3/tAQSPIu/lHxXYSZmpXlUHeqAIdKzBLQ==}
    dependencies:
      fs.realpath: 1.0.0
      inflight: 1.0.6
      inherits: 2.0.4
      minimatch: 3.0.4
      once: 1.4.0
      path-is-absolute: 1.0.1
    dev: true

  /graceful-fs/4.2.6:
    resolution: {integrity: sha512-nTnJ528pbqxYanhpDYsi4Rd8MAeaBA67+RZ10CM1m3bTAVFEDcd5AuA4a6W5YkGZ1iNXHzZz8T6TBKLeBuNriQ==}
    dev: true

  /has-flag/4.0.0:
    resolution: {integrity: sha512-EykJT/Q1KjTWctppgIAgfSO0tKVuZUjhgMr17kqTumMl6Afv3EISleU7qZUzoXDFTAHTDC4NOoG/ZxU3EvlMPQ==}
    engines: {node: '>=8'}
    dev: true

  /inflight/1.0.6:
    resolution: {integrity: sha1-Sb1jMdfQLQwJvJEKEHW6gWW1bfk=}
    dependencies:
      once: 1.4.0
      wrappy: 1.0.2
    dev: true

  /inherits/2.0.4:
    resolution: {integrity: sha512-k/vGaX4/Yla3WzyMCvTQOXYeIHvqOKtnqBduzTHpzpQZzAskKMhZ2K+EnBiSM9zGSoIFeMpXKxa4dYeZIQqewQ==}
    dev: true

  /js2xmlparser/4.0.1:
    resolution: {integrity: sha512-KrPTolcw6RocpYjdC7pL7v62e55q7qOMHvLX1UCLc5AAS8qeJ6nukarEJAF2KL2PZxlbGueEbINqZR2bDe/gUw==}
    dependencies:
      xmlcreate: 2.0.3
    dev: true

  /jsdoc/3.6.6:
    resolution: {integrity: sha512-znR99e1BHeyEkSvgDDpX0sTiTu+8aQyDl9DawrkOGZTTW8hv0deIFXx87114zJ7gRaDZKVQD/4tr1ifmJp9xhQ==}
    engines: {node: '>=8.15.0'}
    hasBin: true
    dependencies:
      '@babel/parser': 7.14.1
      bluebird: 3.7.2
      catharsis: 0.8.11
      escape-string-regexp: 2.0.0
      js2xmlparser: 4.0.1
      klaw: 3.0.0
      markdown-it: 10.0.0
      markdown-it-anchor: 5.3.0_markdown-it@10.0.0
      marked: 0.8.2
      mkdirp: 1.0.4
      requizzle: 0.2.3
      strip-json-comments: 3.1.1
      taffydb: 2.6.2
      underscore: 1.10.2
    dev: true

  /klaw/3.0.0:
    resolution: {integrity: sha512-0Fo5oir+O9jnXu5EefYbVK+mHMBeEVEy2cmctR1O1NECcCkPRreJKrS6Qt/j3KC2C148Dfo9i3pCmCMsdqGr0g==}
    dependencies:
      graceful-fs: 4.2.6
    dev: true

  /linkify-it/2.2.0:
    resolution: {integrity: sha512-GnAl/knGn+i1U/wjBz3akz2stz+HrHLsxMwHQGofCDfPvlf+gDKN58UtfmUquTY4/MXeE2x7k19KQmeoZi94Iw==}
    dependencies:
      uc.micro: 1.0.6
    dev: true

  /lodash/4.17.21:
    resolution: {integrity: sha512-v2kDEe57lecTulaDIuNTPy3Ry4gLGJ6Z1O3vE1krgXZNrsQ+LFTGHVxVjcXPs17LhbZVGedAJv8XZ1tvj5FvSg==}
    dev: true

  /long/4.0.0:
    resolution: {integrity: sha512-XsP+KhQif4bjX1kbuSiySJFNAehNxgLb6hPRGJ9QsUr8ajHkuXGdrHmFUTUUXhDwVX2R5bY4JNZEwbUiMhV+MA==}
    dev: false

  /lru-cache/6.0.0:
    resolution: {integrity: sha512-Jo6dJ04CmSjuznwJSS3pUeWmd/H0ffTlkXXgwZi+eq1UCmqQwCh+eLsYOYCwY991i2Fah4h1BEMCx4qThGbsiA==}
    engines: {node: '>=10'}
    dependencies:
      yallist: 4.0.0
    dev: true

  /markdown-it-anchor/5.3.0_markdown-it@10.0.0:
    resolution: {integrity: sha512-/V1MnLL/rgJ3jkMWo84UR+K+jF1cxNG1a+KwqeXqTIJ+jtA8aWSHuigx8lTzauiIjBDbwF3NcWQMotd0Dm39jA==}
    peerDependencies:
      markdown-it: '*'
    dependencies:
      markdown-it: 10.0.0
    dev: true

  /markdown-it/10.0.0:
    resolution: {integrity: sha512-YWOP1j7UbDNz+TumYP1kpwnP0aEa711cJjrAQrzd0UXlbJfc5aAq0F/PZHjiioqDC1NKgvIMX+o+9Bk7yuM2dg==}
    hasBin: true
    dependencies:
      argparse: 1.0.10
      entities: 2.0.3
      linkify-it: 2.2.0
      mdurl: 1.0.1
      uc.micro: 1.0.6
    dev: true

  /marked/0.8.2:
    resolution: {integrity: sha512-EGwzEeCcLniFX51DhTpmTom+dSA/MG/OBUDjnWtHbEnjAH180VzUeAw+oE4+Zv+CoYBWyRlYOTR0N8SO9R1PVw==}
    engines: {node: '>= 8.16.2'}
    hasBin: true
    dev: true

  /mdurl/1.0.1:
    resolution: {integrity: sha1-/oWy7HWlkDfyrf7BAP1sYBdhFS4=}
    dev: true

  /minimatch/3.0.4:
    resolution: {integrity: sha512-yJHVQEhyqPLUTgt9B83PXu6W3rx4MvvHvSUvToogpwoGDOUQ+yDrR0HRot+yOCdCO7u4hX3pWft6kWBBcqh0UA==}
    dependencies:
      brace-expansion: 1.1.11
    dev: true

  /minimist/1.2.5:
    resolution: {integrity: sha512-FM9nNUYrRBAELZQT3xeZQ7fmMOBg6nWNmJKTcgsJeaLstP/UODVpGsr5OhXhhXg6f+qtJ8uiZ+PUxkDWcgIXLw==}
    dev: true

  /mkdirp/1.0.4:
    resolution: {integrity: sha512-vVqVZQyf3WLx2Shd0qJ9xuvqgAyKPLAiqITEtqW0oIUjzo3PePDd6fW9iFz30ef7Ysp/oiWqbhszeGWW2T6Gzw==}
    engines: {node: '>=10'}
    hasBin: true
    dev: true

  /once/1.4.0:
    resolution: {integrity: sha1-WDsap3WWHUsROsF9nFC6753Xa9E=}
    dependencies:
      wrappy: 1.0.2
    dev: true

  /path-is-absolute/1.0.1:
    resolution: {integrity: sha1-F0uSaHNVNP+8es5r9TpanhtcX18=}
    engines: {node: '>=0.10.0'}
    dev: true

  /protobufjs/6.11.2:
    resolution: {integrity: sha512-4BQJoPooKJl2G9j3XftkIXjoC9C0Av2NOrWmbLWT1vH32GcSUHjM0Arra6UfTsVyfMAuFzaLucXn1sadxJydAw==}
    hasBin: true
    requiresBuild: true
    dependencies:
      '@protobufjs/aspromise': 1.1.2
      '@protobufjs/base64': 1.1.2
      '@protobufjs/codegen': 2.0.4
      '@protobufjs/eventemitter': 1.1.0
      '@protobufjs/fetch': 1.1.0
      '@protobufjs/float': 1.0.2
      '@protobufjs/inquire': 1.1.0
      '@protobufjs/path': 1.1.2
      '@protobufjs/pool': 1.1.0
      '@protobufjs/utf8': 1.1.0
      '@types/long': 4.0.1
      '@types/node': 15.0.2
      long: 4.0.0
    dev: false

  /requizzle/0.2.3:
    resolution: {integrity: sha512-YanoyJjykPxGHii0fZP0uUPEXpvqfBDxWV7s6GKAiiOsiqhX6vHNyW3Qzdmqp/iq/ExbhaGbVrjB4ruEVSM4GQ==}
    dependencies:
      lodash: 4.17.21
    dev: true

  /semver/7.3.5:
    resolution: {integrity: sha512-PoeGJYh8HK4BTO/a9Tf6ZG3veo/A7ZVsYrSA6J8ny9nb3B1VrpkuN+z9OE5wfE5p6H4LchYZsegiQgbJD94ZFQ==}
    engines: {node: '>=10'}
    hasBin: true
    dependencies:
      lru-cache: 6.0.0
    dev: true

  /sprintf-js/1.0.3:
    resolution: {integrity: sha1-BOaSb2YolTVPPdAVIDYzuFcpfiw=}
    dev: true

  /strip-json-comments/3.1.1:
    resolution: {integrity: sha512-6fPc+R4ihwqP6N/aIv2f1gMH8lOVtWQHoqC4yK6oSDVVocumAsfCqjkXnqiYMhmMwS/mEHLp7Vehlt3ql6lEig==}
    engines: {node: '>=8'}
    dev: true

  /supports-color/7.2.0:
    resolution: {integrity: sha512-qpCAvRl9stuOHveKsn7HncJRvv501qIacKzQlO/+Lwxc9+0q2wLyv4Dfvt80/DPn2pqOBsJdDiogXGR9+OvwRw==}
    engines: {node: '>=8'}
    dependencies:
      has-flag: 4.0.0
    dev: true

  /taffydb/2.6.2:
    resolution: {integrity: sha1-fLy2S1oUG2ou/CxdLGe04VCyomg=}
    dev: true

  /uc.micro/1.0.6:
    resolution: {integrity: sha512-8Y75pvTYkLJW2hWQHXxoqRgV7qb9B+9vFEtidML+7koHUFapnVJAZ6cKs+Qjz5Aw3aZWHMC6u0wJE3At+nSGwA==}
    dev: true

  /uglify-js/3.13.5:
    resolution: {integrity: sha512-xtB8yEqIkn7zmOyS2zUNBsYCBRhDkvlNxMMY2smuJ/qA8NCHeQvKCF3i9Z4k8FJH4+PJvZRtMrPynfZ75+CSZw==}
    engines: {node: '>=0.8.0'}
    hasBin: true
    dev: true

  /underscore/1.10.2:
    resolution: {integrity: sha512-N4P+Q/BuyuEKFJ43B9gYuOj4TQUHXX+j2FqguVOpjkssLUUrnJofCcBccJSCoeturDoZU6GorDTHSvUDlSQbTg==}
    dev: true

  /wrappy/1.0.2:
    resolution: {integrity: sha1-tSQ9jz7BqjXxNkYFvA0QNuMKtp8=}
    dev: true

  /xmlcreate/2.0.3:
    resolution: {integrity: sha512-HgS+X6zAztGa9zIK3Y3LXuJes33Lz9x+YyTxgrkIdabu2vqcGOWwdfCpf1hWLRrd553wd4QCDf6BBO6FfdsRiQ==}
    dev: true

  /yallist/4.0.0:
    resolution: {integrity: sha512-3wdGidZyq5PB084XLES5TpOSRA3wjXAlIWMhum2kRcv/41Sn2emQ0dycQW4uZXLejwKvg6EsvbdlVL+FYEct7A==}
    dev: true
